// !$*UTF8*$!
{
	archiveVersion = 1;
	classes = {
	};
	objectVersion = 46;
	objects = {

/* Begin PBXBuildFile section */
		D4BBE2551BF840D500C17529 /* AppDelegate.swift in Sources */ = {isa = PBXBuildFile; fileRef = D4BBE2541BF840D500C17529 /* AppDelegate.swift */; };
		D4BBE2571BF840D500C17529 /* ViewController.swift in Sources */ = {isa = PBXBuildFile; fileRef = D4BBE2561BF840D500C17529 /* ViewController.swift */; };
		D4BBE25A1BF840D500C17529 /* Main.storyboard in Resources */ = {isa = PBXBuildFile; fileRef = D4BBE2581BF840D500C17529 /* Main.storyboard */; };
		D4BBE25C1BF840D500C17529 /* Assets.xcassets in Resources */ = {isa = PBXBuildFile; fileRef = D4BBE25B1BF840D500C17529 /* Assets.xcassets */; };
		D4BBE25F1BF840D500C17529 /* LaunchScreen.storyboard in Resources */ = {isa = PBXBuildFile; fileRef = D4BBE25D1BF840D500C17529 /* LaunchScreen.storyboard */; };
		D4BBE26A1BF840D500C17529 /* SKB_ChatTests.swift in Sources */ = {isa = PBXBuildFile; fileRef = D4BBE2691BF840D500C17529 /* SKB_ChatTests.swift */; };
		D4BBE2751BF840D500C17529 /* SKB_ChatUITests.swift in Sources */ = {isa = PBXBuildFile; fileRef = D4BBE2741BF840D500C17529 /* SKB_ChatUITests.swift */; };
/* End PBXBuildFile section */

/* Begin PBXContainerItemProxy section */
		D4BBE2661BF840D500C17529 /* PBXContainerItemProxy */ = {
			isa = PBXContainerItemProxy;
			containerPortal = D4BBE2491BF840D500C17529 /* Project object */;
			proxyType = 1;
			remoteGlobalIDString = D4BBE2501BF840D500C17529;
			remoteInfo = "SKB Chat";
		};
		D4BBE2711BF840D500C17529 /* PBXContainerItemProxy */ = {
			isa = PBXContainerItemProxy;
			containerPortal = D4BBE2491BF840D500C17529 /* Project object */;
			proxyType = 1;
			remoteGlobalIDString = D4BBE2501BF840D500C17529;
			remoteInfo = "SKB Chat";
		};
/* End PBXContainerItemProxy section */

/* Begin PBXFileReference section */
		D4BBE2511BF840D500C17529 /* SKB Chat.app */ = {isa = PBXFileReference; explicitFileType = wrapper.application; includeInIndex = 0; path = "SKB Chat.app"; sourceTree = BUILT_PRODUCTS_DIR; };
		D4BBE2541BF840D500C17529 /* AppDelegate.swift */ = {isa = PBXFileReference; lastKnownFileType = sourcecode.swift; path = AppDelegate.swift; sourceTree = "<group>"; };
		D4BBE2561BF840D500C17529 /* ViewController.swift */ = {isa = PBXFileReference; lastKnownFileType = sourcecode.swift; path = ViewController.swift; sourceTree = "<group>"; };
		D4BBE2591BF840D500C17529 /* Base */ = {isa = PBXFileReference; lastKnownFileType = file.storyboard; name = Base; path = Base.lproj/Main.storyboard; sourceTree = "<group>"; };
		D4BBE25B1BF840D500C17529 /* Assets.xcassets */ = {isa = PBXFileReference; lastKnownFileType = folder.assetcatalog; path = Assets.xcassets; sourceTree = "<group>"; };
		D4BBE25E1BF840D500C17529 /* Base */ = {isa = PBXFileReference; lastKnownFileType = file.storyboard; name = Base; path = Base.lproj/LaunchScreen.storyboard; sourceTree = "<group>"; };
		D4BBE2601BF840D500C17529 /* Info.plist */ = {isa = PBXFileReference; lastKnownFileType = text.plist.xml; path = Info.plist; sourceTree = "<group>"; };
		D4BBE2651BF840D500C17529 /* SKB ChatTests.xctest */ = {isa = PBXFileReference; explicitFileType = wrapper.cfbundle; includeInIndex = 0; path = "SKB ChatTests.xctest"; sourceTree = BUILT_PRODUCTS_DIR; };
		D4BBE2691BF840D500C17529 /* SKB_ChatTests.swift */ = {isa = PBXFileReference; lastKnownFileType = sourcecode.swift; path = SKB_ChatTests.swift; sourceTree = "<group>"; };
		D4BBE26B1BF840D500C17529 /* Info.plist */ = {isa = PBXFileReference; lastKnownFileType = text.plist.xml; path = Info.plist; sourceTree = "<group>"; };
		D4BBE2701BF840D500C17529 /* SKB ChatUITests.xctest */ = {isa = PBXFileReference; explicitFileType = wrapper.cfbundle; includeInIndex = 0; path = "SKB ChatUITests.xctest"; sourceTree = BUILT_PRODUCTS_DIR; };
		D4BBE2741BF840D500C17529 /* SKB_ChatUITests.swift */ = {isa = PBXFileReference; lastKnownFileType = sourcecode.swift; path = SKB_ChatUITests.swift; sourceTree = "<group>"; };
		D4BBE2761BF840D500C17529 /* Info.plist */ = {isa = PBXFileReference; lastKnownFileType = text.plist.xml; path = Info.plist; sourceTree = "<group>"; };
/* End PBXFileReference section */

/* Begin PBXFrameworksBuildPhase section */
		D4BBE24E1BF840D500C17529 /* Frameworks */ = {
			isa = PBXFrameworksBuildPhase;
			buildActionMask = 2147483647;
			files = (
			);
			runOnlyForDeploymentPostprocessing = 0;
		};
		D4BBE2621BF840D500C17529 /* Frameworks */ = {
			isa = PBXFrameworksBuildPhase;
			buildActionMask = 2147483647;
			files = (
			);
			runOnlyForDeploymentPostprocessing = 0;
		};
		D4BBE26D1BF840D500C17529 /* Frameworks */ = {
			isa = PBXFrameworksBuildPhase;
			buildActionMask = 2147483647;
			files = (
			);
			runOnlyForDeploymentPostprocessing = 0;
		};
/* End PBXFrameworksBuildPhase section */

/* Begin PBXGroup section */
		D4BBE2481BF840D500C17529 = {
			isa = PBXGroup;
			children = (
				D4BBE2531BF840D500C17529 /* SKB Chat */,
				D4BBE2681BF840D500C17529 /* SKB ChatTests */,
				D4BBE2731BF840D500C17529 /* SKB ChatUITests */,
				D4BBE2521BF840D500C17529 /* Products */,
			);
			sourceTree = "<group>";
		};
		D4BBE2521BF840D500C17529 /* Products */ = {
			isa = PBXGroup;
			children = (
				D4BBE2511BF840D500C17529 /* SKB Chat.app */,
				D4BBE2651BF840D500C17529 /* SKB ChatTests.xctest */,
				D4BBE2701BF840D500C17529 /* SKB ChatUITests.xctest */,
			);
			name = Products;
			sourceTree = "<group>";
		};
		D4BBE2531BF840D500C17529 /* SKB Chat */ = {
			isa = PBXGroup;
			children = (
				D4BBE2541BF840D500C17529 /* AppDelegate.swift */,
				D4BBE2561BF840D500C17529 /* ViewController.swift */,
				D4BBE2581BF840D500C17529 /* Main.storyboard */,
				D4BBE25B1BF840D500C17529 /* Assets.xcassets */,
				D4BBE25D1BF840D500C17529 /* LaunchScreen.storyboard */,
				D4BBE2601BF840D500C17529 /* Info.plist */,
			);
			path = "SKB Chat";
			sourceTree = "<group>";
		};
		D4BBE2681BF840D500C17529 /* SKB ChatTests */ = {
			isa = PBXGroup;
			children = (
				D4BBE2691BF840D500C17529 /* SKB_ChatTests.swift */,
				D4BBE26B1BF840D500C17529 /* Info.plist */,
			);
			path = "SKB ChatTests";
			sourceTree = "<group>";
		};
		D4BBE2731BF840D500C17529 /* SKB ChatUITests */ = {
			isa = PBXGroup;
			children = (
				D4BBE2741BF840D500C17529 /* SKB_ChatUITests.swift */,
				D4BBE2761BF840D500C17529 /* Info.plist */,
			);
			path = "SKB ChatUITests";
			sourceTree = "<group>";
		};
/* End PBXGroup section */

/* Begin PBXNativeTarget section */
		D4BBE2501BF840D500C17529 /* SKB Chat */ = {
			isa = PBXNativeTarget;
			buildConfigurationList = D4BBE2791BF840D500C17529 /* Build configuration list for PBXNativeTarget "SKB Chat" */;
			buildPhases = (
				D4BBE24D1BF840D500C17529 /* Sources */,
				D4BBE24E1BF840D500C17529 /* Frameworks */,
				D4BBE24F1BF840D500C17529 /* Resources */,
			);
			buildRules = (
			);
			dependencies = (
			);
			name = "SKB Chat";
			productName = "SKB Chat";
			productReference = D4BBE2511BF840D500C17529 /* SKB Chat.app */;
			productType = "com.apple.product-type.application";
		};
		D4BBE2641BF840D500C17529 /* SKB ChatTests */ = {
			isa = PBXNativeTarget;
			buildConfigurationList = D4BBE27C1BF840D500C17529 /* Build configuration list for PBXNativeTarget "SKB ChatTests" */;
			buildPhases = (
				D4BBE2611BF840D500C17529 /* Sources */,
				D4BBE2621BF840D500C17529 /* Frameworks */,
				D4BBE2631BF840D500C17529 /* Resources */,
			);
			buildRules = (
			);
			dependencies = (
				D4BBE2671BF840D500C17529 /* PBXTargetDependency */,
			);
			name = "SKB ChatTests";
			productName = "SKB ChatTests";
			productReference = D4BBE2651BF840D500C17529 /* SKB ChatTests.xctest */;
			productType = "com.apple.product-type.bundle.unit-test";
		};
		D4BBE26F1BF840D500C17529 /* SKB ChatUITests */ = {
			isa = PBXNativeTarget;
			buildConfigurationList = D4BBE27F1BF840D500C17529 /* Build configuration list for PBXNativeTarget "SKB ChatUITests" */;
			buildPhases = (
				D4BBE26C1BF840D500C17529 /* Sources */,
				D4BBE26D1BF840D500C17529 /* Frameworks */,
				D4BBE26E1BF840D500C17529 /* Resources */,
			);
			buildRules = (
			);
			dependencies = (
				D4BBE2721BF840D500C17529 /* PBXTargetDependency */,
			);
			name = "SKB ChatUITests";
			productName = "SKB ChatUITests";
			productReference = D4BBE2701BF840D500C17529 /* SKB ChatUITests.xctest */;
			productType = "com.apple.product-type.bundle.ui-testing";
		};
/* End PBXNativeTarget section */

/* Begin PBXProject section */
		D4BBE2491BF840D500C17529 /* Project object */ = {
			isa = PBXProject;
			attributes = {
				LastSwiftUpdateCheck = 0710;
				LastUpgradeCheck = 0710;
				ORGANIZATIONNAME = "Santosh Beyagudem";
				TargetAttributes = {
					D4BBE2501BF840D500C17529 = {
						CreatedOnToolsVersion = 7.1.1;
					};
					D4BBE2641BF840D500C17529 = {
						CreatedOnToolsVersion = 7.1.1;
						TestTargetID = D4BBE2501BF840D500C17529;
					};
					D4BBE26F1BF840D500C17529 = {
						CreatedOnToolsVersion = 7.1.1;
						TestTargetID = D4BBE2501BF840D500C17529;
					};
				};
			};
			buildConfigurationList = D4BBE24C1BF840D500C17529 /* Build configuration list for PBXProject "SKB Chat" */;
			compatibilityVersion = "Xcode 3.2";
			developmentRegion = English;
			hasScannedForEncodings = 0;
			knownRegions = (
				en,
				Base,
			);
			mainGroup = D4BBE2481BF840D500C17529;
			productRefGroup = D4BBE2521BF840D500C17529 /* Products */;
			projectDirPath = "";
			projectRoot = "";
			targets = (
				D4BBE2501BF840D500C17529 /* SKB Chat */,
				D4BBE2641BF840D500C17529 /* SKB ChatTests */,
				D4BBE26F1BF840D500C17529 /* SKB ChatUITests */,
			);
		};
/* End PBXProject section */

/* Begin PBXResourcesBuildPhase section */
		D4BBE24F1BF840D500C17529 /* Resources */ = {
			isa = PBXResourcesBuildPhase;
			buildActionMask = 2147483647;
			files = (
				D4BBE25F1BF840D500C17529 /* LaunchScreen.storyboard in Resources */,
				D4BBE25C1BF840D500C17529 /* Assets.xcassets in Resources */,
				D4BBE25A1BF840D500C17529 /* Main.storyboard in Resources */,
			);
			runOnlyForDeploymentPostprocessing = 0;
		};
		D4BBE2631BF840D500C17529 /* Resources */ = {
			isa = PBXResourcesBuildPhase;
			buildActionMask = 2147483647;
			files = (
			);
			runOnlyForDeploymentPostprocessing = 0;
		};
		D4BBE26E1BF840D500C17529 /* Resources */ = {
			isa = PBXResourcesBuildPhase;
			buildActionMask = 2147483647;
			files = (
			);
			runOnlyForDeploymentPostprocessing = 0;
		};
/* End PBXResourcesBuildPhase section */

/* Begin PBXSourcesBuildPhase section */
		D4BBE24D1BF840D500C17529 /* Sources */ = {
			isa = PBXSourcesBuildPhase;
			buildActionMask = 2147483647;
			files = (
				D4BBE2571BF840D500C17529 /* ViewController.swift in Sources */,
				D4BBE2551BF840D500C17529 /* AppDelegate.swift in Sources */,
			);
			runOnlyForDeploymentPostprocessing = 0;
		};
		D4BBE2611BF840D500C17529 /* Sources */ = {
			isa = PBXSourcesBuildPhase;
			buildActionMask = 2147483647;
			files = (
				D4BBE26A1BF840D500C17529 /* SKB_ChatTests.swift in Sources */,
			);
			runOnlyForDeploymentPostprocessing = 0;
		};
		D4BBE26C1BF840D500C17529 /* Sources */ = {
			isa = PBXSourcesBuildPhase;
			buildActionMask = 2147483647;
			files = (
				D4BBE2751BF840D500C17529 /* SKB_ChatUITests.swift in Sources */,
			);
			runOnlyForDeploymentPostprocessing = 0;
		};
/* End PBXSourcesBuildPhase section */

/* Begin PBXTargetDependency section */
		D4BBE2671BF840D500C17529 /* PBXTargetDependency */ = {
			isa = PBXTargetDependency;
			target = D4BBE2501BF840D500C17529 /* SKB Chat */;
			targetProxy = D4BBE2661BF840D500C17529 /* PBXContainerItemProxy */;
		};
		D4BBE2721BF840D500C17529 /* PBXTargetDependency */ = {
			isa = PBXTargetDependency;
			target = D4BBE2501BF840D500C17529 /* SKB Chat */;
			targetProxy = D4BBE2711BF840D500C17529 /* PBXContainerItemProxy */;
		};
/* End PBXTargetDependency section */

/* Begin PBXVariantGroup section */
		D4BBE2581BF840D500C17529 /* Main.storyboard */ = {
			isa = PBXVariantGroup;
			children = (
				D4BBE2591BF840D500C17529 /* Base */,
			);
			name = Main.storyboard;
			sourceTree = "<group>";
		};
		D4BBE25D1BF840D500C17529 /* LaunchScreen.storyboard */ = {
			isa = PBXVariantGroup;
			children = (
				D4BBE25E1BF840D500C17529 /* Base */,
			);
			name = LaunchScreen.storyboard;
			sourceTree = "<group>";
		};
/* End PBXVariantGroup section */

/* Begin XCBuildConfiguration section */
		D4BBE2771BF840D500C17529 /* Debug */ = {
			isa = XCBuildConfiguration;
			buildSettings = {
				ALWAYS_SEARCH_USER_PATHS = NO;
				CLANG_CXX_LANGUAGE_STANDARD = "gnu++0x";
				CLANG_CXX_LIBRARY = "libc++";
				CLANG_ENABLE_MODULES = YES;
				CLANG_ENABLE_OBJC_ARC = YES;
				CLANG_WARN_BOOL_CONVERSION = YES;
				CLANG_WARN_CONSTANT_CONVERSION = YES;
				CLANG_WARN_DIRECT_OBJC_ISA_USAGE = YES_ERROR;
				CLANG_WARN_EMPTY_BODY = YES;
				CLANG_WARN_ENUM_CONVERSION = YES;
				CLANG_WARN_INT_CONVERSION = YES;
				CLANG_WARN_OBJC_ROOT_CLASS = YES_ERROR;
				CLANG_WARN_UNREACHABLE_CODE = YES;
				CLANG_WARN__DUPLICATE_METHOD_MATCH = YES;
				"CODE_SIGN_IDENTITY[sdk=iphoneos*]" = "iPhone Developer";
				COPY_PHASE_STRIP = NO;
				DEBUG_INFORMATION_FORMAT = dwarf;
				ENABLE_STRICT_OBJC_MSGSEND = YES;
				ENABLE_TESTABILITY = YES;
				GCC_C_LANGUAGE_STANDARD = gnu99;
				GCC_DYNAMIC_NO_PIC = NO;
				GCC_NO_COMMON_BLOCKS = YES;
				GCC_OPTIMIZATION_LEVEL = 0;
				GCC_PREPROCESSOR_DEFINITIONS = (
					"DEBUG=1",
					"$(inherited)",
				);
				GCC_WARN_64_TO_32_BIT_CONVERSION = YES;
				GCC_WARN_ABOUT_RETURN_TYPE = YES_ERROR;
				GCC_WARN_UNDECLARED_SELECTOR = YES;
				GCC_WARN_UNINITIALIZED_AUTOS = YES_AGGRESSIVE;
				GCC_WARN_UNUSED_FUNCTION = YES;
				GCC_WARN_UNUSED_VARIABLE = YES;
				IPHONEOS_DEPLOYMENT_TARGET = 9.1;
				MTL_ENABLE_DEBUG_INFO = YES;
				ONLY_ACTIVE_ARCH = YES;
				SDKROOT = iphoneos;
				SWIFT_OPTIMIZATION_LEVEL = "-Onone";
				TARGETED_DEVICE_FAMILY = "1,2";
			};
			name = Debug;
		};
		D4BBE2781BF840D500C17529 /* Release */ = {
			isa = XCBuildConfiguration;
			buildSettings = {
				ALWAYS_SEARCH_USER_PATHS = NO;
				CLANG_CXX_LANGUAGE_STANDARD = "gnu++0x";
				CLANG_CXX_LIBRARY = "libc++";
				CLANG_ENABLE_MODULES = YES;
				CLANG_ENABLE_OBJC_ARC = YES;
				CLANG_WARN_BOOL_CONVERSION = YES;
				CLANG_WARN_CONSTANT_CONVERSION = YES;
				CLANG_WARN_DIRECT_OBJC_ISA_USAGE = YES_ERROR;
				CLANG_WARN_EMPTY_BODY = YES;
				CLANG_WARN_ENUM_CONVERSION = YES;
				CLANG_WARN_INT_CONVERSION = YES;
				CLANG_WARN_OBJC_ROOT_CLASS = YES_ERROR;
				CLANG_WARN_UNREACHABLE_CODE = YES;
				CLANG_WARN__DUPLICATE_METHOD_MATCH = YES;
				"CODE_SIGN_IDENTITY[sdk=iphoneos*]" = "iPhone Developer";
				COPY_PHASE_STRIP = NO;
				DEBUG_INFORMATION_FORMAT = "dwarf-with-dsym";
				ENABLE_NS_ASSERTIONS = NO;
				ENABLE_STRICT_OBJC_MSGSEND = YES;
				GCC_C_LANGUAGE_STANDARD = gnu99;
				GCC_NO_COMMON_BLOCKS = YES;
				GCC_WARN_64_TO_32_BIT_CONVERSION = YES;
				GCC_WARN_ABOUT_RETURN_TYPE = YES_ERROR;
				GCC_WARN_UNDECLARED_SELECTOR = YES;
				GCC_WARN_UNINITIALIZED_AUTOS = YES_AGGRESSIVE;
				GCC_WARN_UNUSED_FUNCTION = YES;
				GCC_WARN_UNUSED_VARIABLE = YES;
				IPHONEOS_DEPLOYMENT_TARGET = 9.1;
				MTL_ENABLE_DEBUG_INFO = NO;
				SDKROOT = iphoneos;
				TARGETED_DEVICE_FAMILY = "1,2";
				VALIDATE_PRODUCT = YES;
			};
			name = Release;
		};
		D4BBE27A1BF840D500C17529 /* Debug */ = {
			isa = XCBuildConfiguration;
			buildSettings = {
				ASSETCATALOG_COMPILER_APPICON_NAME = AppIcon;
				INFOPLIST_FILE = "SKB Chat/Info.plist";
				LD_RUNPATH_SEARCH_PATHS = "$(inherited) @executable_path/Frameworks";
				PRODUCT_BUNDLE_IDENTIFIER = "com.beyask.SKB-Chat";
				PRODUCT_NAME = "$(TARGET_NAME)";
			};
			name = Debug;
		};
		D4BBE27B1BF840D500C17529 /* Release */ = {
			isa = XCBuildConfiguration;
			buildSettings = {
				ASSETCATALOG_COMPILER_APPICON_NAME = AppIcon;
				INFOPLIST_FILE = "SKB Chat/Info.plist";
				LD_RUNPATH_SEARCH_PATHS = "$(inherited) @executable_path/Frameworks";
				PRODUCT_BUNDLE_IDENTIFIER = "com.beyask.SKB-Chat";
				PRODUCT_NAME = "$(TARGET_NAME)";
			};
			name = Release;
		};
		D4BBE27D1BF840D500C17529 /* Debug */ = {
			isa = XCBuildConfiguration;
			buildSettings = {
				BUNDLE_LOADER = "$(TEST_HOST)";
				INFOPLIST_FILE = "SKB ChatTests/Info.plist";
				LD_RUNPATH_SEARCH_PATHS = "$(inherited) @executable_path/Frameworks @loader_path/Frameworks";
				PRODUCT_BUNDLE_IDENTIFIER = "com.beyask.SKB-ChatTests";
				PRODUCT_NAME = "$(TARGET_NAME)";
				TEST_HOST = "$(BUILT_PRODUCTS_DIR)/SKB Chat.app/SKB Chat";
			};
			name = Debug;
		};
		D4BBE27E1BF840D500C17529 /* Release */ = {
			isa = XCBuildConfiguration;
			buildSettings = {
				BUNDLE_LOADER = "$(TEST_HOST)";
				INFOPLIST_FILE = "SKB ChatTests/Info.plist";
				LD_RUNPATH_SEARCH_PATHS = "$(inherited) @executable_path/Frameworks @loader_path/Frameworks";
				PRODUCT_BUNDLE_IDENTIFIER = "com.beyask.SKB-ChatTests";
				PRODUCT_NAME = "$(TARGET_NAME)";
				TEST_HOST = "$(BUILT_PRODUCTS_DIR)/SKB Chat.app/SKB Chat";
			};
			name = Release;
		};
		D4BBE2801BF840D500C17529 /* Debug */ = {
			isa = XCBuildConfiguration;
			buildSettings = {
				INFOPLIST_FILE = "SKB ChatUITests/Info.plist";
				LD_RUNPATH_SEARCH_PATHS = "$(inherited) @executable_path/Frameworks @loader_path/Frameworks";
				PRODUCT_BUNDLE_IDENTIFIER = "com.beyask.SKB-ChatUITests";
				PRODUCT_NAME = "$(TARGET_NAME)";
				TEST_TARGET_NAME = "SKB Chat";
				USES_XCTRUNNER = YES;
			};
			name = Debug;
		};
		D4BBE2811BF840D500C17529 /* Release */ = {
			isa = XCBuildConfiguration;
			buildSettings = {
				INFOPLIST_FILE = "SKB ChatUITests/Info.plist";
				LD_RUNPATH_SEARCH_PATHS = "$(inherited) @executable_path/Frameworks @loader_path/Frameworks";
				PRODUCT_BUNDLE_IDENTIFIER = "com.beyask.SKB-ChatUITests";
				PRODUCT_NAME = "$(TARGET_NAME)";
				TEST_TARGET_NAME = "SKB Chat";
				USES_XCTRUNNER = YES;
			};
			name = Release;
		};
/* End XCBuildConfiguration section */

/* Begin XCConfigurationList section */
		D4BBE24C1BF840D500C17529 /* Build configuration list for PBXProject "SKB Chat" */ = {
			isa = XCConfigurationList;
			buildConfigurations = (
				D4BBE2771BF840D500C17529 /* Debug */,
				D4BBE2781BF840D500C17529 /* Release */,
			);
			defaultConfigurationIsVisible = 0;
			defaultConfigurationName = Release;
		};
		D4BBE2791BF840D500C17529 /* Build configuration list for PBXNativeTarget "SKB Chat" */ = {
			isa = XCConfigurationList;
			buildConfigurations = (
				D4BBE27A1BF840D500C17529 /* Debug */,
				D4BBE27B1BF840D500C17529 /* Release */,
			);
			defaultConfigurationIsVisible = 0;
		};
		D4BBE27C1BF840D500C17529 /* Build configuration list for PBXNativeTarget "SKB ChatTests" */ = {
			isa = XCConfigurationList;
			buildConfigurations = (
				D4BBE27D1BF840D500C17529 /* Debug */,
				D4BBE27E1BF840D500C17529 /* Release */,
			);
			defaultConfigurationIsVisible = 0;
		};
		D4BBE27F1BF840D500C17529 /* Build configuration list for PBXNativeTarget "SKB ChatUITests" */ = {
			isa = XCConfigurationList;
			buildConfigurations = (
				D4BBE2801BF840D500C17529 /* Debug */,
				D4BBE2811BF840D500C17529 /* Release */,
			);
			defaultConfigurationIsVisible = 0;
		};
/* End XCConfigurationList section */
	};
	rootObject = D4BBE2491BF840D500C17529 /* Project object */;
}
